// !$*UTF8*$!
{
	archiveVersion = 1;
	classes = {
	};
	objectVersion = 46;
	objects = {

/* Begin PBXBuildFile section */
		1028BC6B8F6BA8A8AF05D78A /* libPods.a in Frameworks */ = {isa = PBXBuildFile; fileRef = 7F533EBC6883C9A14394A515 /* libPods.a */; };
		9232C6491A102347007A11A6 /* TDNoteEntity.m in Sources */ = {isa = PBXBuildFile; fileRef = 9232C6481A102347007A11A6 /* TDNoteEntity.m */; };
		9232C64C1A102348007A11A6 /* TDNoteGroupEntity.m in Sources */ = {isa = PBXBuildFile; fileRef = 9232C64B1A102348007A11A6 /* TDNoteGroupEntity.m */; };
		A62378691A100F8E00314170 /* TDNoteGroupsViewController.swift in Sources */ = {isa = PBXBuildFile; fileRef = A62378671A100F8E00314170 /* TDNoteGroupsViewController.swift */; };
		A623786A1A100F8E00314170 /* TDNoteGroupsViewController.xib in Resources */ = {isa = PBXBuildFile; fileRef = A62378681A100F8E00314170 /* TDNoteGroupsViewController.xib */; };
		A62378731A1010E700314170 /* TDNoteGroupCell.swift in Sources */ = {isa = PBXBuildFile; fileRef = A62378711A1010E700314170 /* TDNoteGroupCell.swift */; };
		A62378741A1010E700314170 /* TDNoteGroupCell.xib in Resources */ = {isa = PBXBuildFile; fileRef = A62378721A1010E700314170 /* TDNoteGroupCell.xib */; };
		A62378771A10F18700314170 /* TDChangeNoteView.swift in Sources */ = {isa = PBXBuildFile; fileRef = A62378761A10F18700314170 /* TDChangeNoteView.swift */; };
		A62378791A10F19900314170 /* TDChangeNoteView.xib in Resources */ = {isa = PBXBuildFile; fileRef = A62378781A10F19900314170 /* TDChangeNoteView.xib */; };
		A623787D1A10F3A800314170 /* PSXibView.m in Sources */ = {isa = PBXBuildFile; fileRef = A623787C1A10F3A800314170 /* PSXibView.m */; };
		A62378811A1106EB00314170 /* TDNoteCell.swift in Sources */ = {isa = PBXBuildFile; fileRef = A623787F1A1106EB00314170 /* TDNoteCell.swift */; };
		A62378821A1106EB00314170 /* TDNoteCell.xib in Resources */ = {isa = PBXBuildFile; fileRef = A62378801A1106EB00314170 /* TDNoteCell.xib */; };
		A66AE0D41A056FB9000C529E /* TDAppDelegate.swift in Sources */ = {isa = PBXBuildFile; fileRef = A66AE0D31A056FB9000C529E /* TDAppDelegate.swift */; };
		A66AE0DB1A056FB9000C529E /* Images.xcassets in Resources */ = {isa = PBXBuildFile; fileRef = A66AE0DA1A056FB9000C529E /* Images.xcassets */; };
		A66AE0DE1A056FB9000C529E /* LaunchScreen.xib in Resources */ = {isa = PBXBuildFile; fileRef = A66AE0DC1A056FB9000C529E /* LaunchScreen.xib */; };
		A66AE0EA1A056FB9000C529E /* SimpleToDoTests.swift in Sources */ = {isa = PBXBuildFile; fileRef = A66AE0E91A056FB9000C529E /* SimpleToDoTests.swift */; };
		A66AE0F81A05704A000C529E /* TDNotesViewController.swift in Sources */ = {isa = PBXBuildFile; fileRef = A66AE0F61A05704A000C529E /* TDNotesViewController.swift */; };
		A66AE0F91A05704A000C529E /* TDNotesViewController.xib in Resources */ = {isa = PBXBuildFile; fileRef = A66AE0F71A05704A000C529E /* TDNotesViewController.xib */; };
		A6A4C5D21A057E4800A73089 /* TDNotesModel.xcdatamodeld in Sources */ = {isa = PBXBuildFile; fileRef = A6A4C5D01A057E4800A73089 /* TDNotesModel.xcdatamodeld */; };
		A6A4C5D81A0581E700A73089 /* TDDataModel.swift in Sources */ = {isa = PBXBuildFile; fileRef = A6A4C5D71A0581E700A73089 /* TDDataModel.swift */; };
/* End PBXBuildFile section */

/* Begin PBXContainerItemProxy section */
		A66AE0E41A056FB9000C529E /* PBXContainerItemProxy */ = {
			isa = PBXContainerItemProxy;
			containerPortal = A66AE0C61A056FB9000C529E /* Project object */;
			proxyType = 1;
			remoteGlobalIDString = A66AE0CD1A056FB9000C529E;
			remoteInfo = SimpleToDo;
		};
/* End PBXContainerItemProxy section */

/* Begin PBXFileReference section */
		77257D7E41B23ADFBC5A1330 /* Pods.debug.xcconfig */ = {isa = PBXFileReference; includeInIndex = 1; lastKnownFileType = text.xcconfig; name = Pods.debug.xcconfig; path = "Pods/Target Support Files/Pods/Pods.debug.xcconfig"; sourceTree = "<group>"; };
		7F533EBC6883C9A14394A515 /* libPods.a */ = {isa = PBXFileReference; explicitFileType = archive.ar; includeInIndex = 0; path = libPods.a; sourceTree = BUILT_PRODUCTS_DIR; };
		88C22DD15651BDF55F87F3D5 /* Pods.release.xcconfig */ = {isa = PBXFileReference; includeInIndex = 1; lastKnownFileType = text.xcconfig; name = Pods.release.xcconfig; path = "Pods/Target Support Files/Pods/Pods.release.xcconfig"; sourceTree = "<group>"; };
		9232C6471A102347007A11A6 /* TDNoteEntity.h */ = {isa = PBXFileReference; fileEncoding = 4; lastKnownFileType = sourcecode.c.h; name = TDNoteEntity.h; path = "Core /DataBase/Entity/TDNoteEntity.h"; sourceTree = "<group>"; };
		9232C6481A102347007A11A6 /* TDNoteEntity.m */ = {isa = PBXFileReference; fileEncoding = 4; lastKnownFileType = sourcecode.c.objc; name = TDNoteEntity.m; path = "Core /DataBase/Entity/TDNoteEntity.m"; sourceTree = "<group>"; };
		9232C64A1A102348007A11A6 /* TDNoteGroupEntity.h */ = {isa = PBXFileReference; fileEncoding = 4; lastKnownFileType = sourcecode.c.h; name = TDNoteGroupEntity.h; path = "Core /DataBase/Entity/TDNoteGroupEntity.h"; sourceTree = "<group>"; };
		9232C64B1A102348007A11A6 /* TDNoteGroupEntity.m */ = {isa = PBXFileReference; fileEncoding = 4; lastKnownFileType = sourcecode.c.objc; name = TDNoteGroupEntity.m; path = "Core /DataBase/Entity/TDNoteGroupEntity.m"; sourceTree = "<group>"; };
		A62378671A100F8E00314170 /* TDNoteGroupsViewController.swift */ = {isa = PBXFileReference; fileEncoding = 4; lastKnownFileType = sourcecode.swift; name = TDNoteGroupsViewController.swift; path = ViewControllers/NoteGroupsViewController/TDNoteGroupsViewController.swift; sourceTree = "<group>"; };
		A62378681A100F8E00314170 /* TDNoteGroupsViewController.xib */ = {isa = PBXFileReference; fileEncoding = 4; lastKnownFileType = file.xib; name = TDNoteGroupsViewController.xib; path = ViewControllers/NoteGroupsViewController/TDNoteGroupsViewController.xib; sourceTree = "<group>"; };
		A62378711A1010E700314170 /* TDNoteGroupCell.swift */ = {isa = PBXFileReference; fileEncoding = 4; lastKnownFileType = sourcecode.swift; name = TDNoteGroupCell.swift; path = ViewControllers/NoteGroupsViewController/NoteGroupCell/TDNoteGroupCell.swift; sourceTree = "<group>"; };
		A62378721A1010E700314170 /* TDNoteGroupCell.xib */ = {isa = PBXFileReference; fileEncoding = 4; lastKnownFileType = file.xib; name = TDNoteGroupCell.xib; path = ViewControllers/NoteGroupsViewController/NoteGroupCell/TDNoteGroupCell.xib; sourceTree = "<group>"; };
		A62378761A10F18700314170 /* TDChangeNoteView.swift */ = {isa = PBXFileReference; fileEncoding = 4; lastKnownFileType = sourcecode.swift; name = TDChangeNoteView.swift; path = View/ChangeNoteView/TDChangeNoteView.swift; sourceTree = "<group>"; };
		A62378781A10F19900314170 /* TDChangeNoteView.xib */ = {isa = PBXFileReference; fileEncoding = 4; lastKnownFileType = file.xib; name = TDChangeNoteView.xib; path = View/ChangeNoteView/TDChangeNoteView.xib; sourceTree = "<group>"; };
		A623787B1A10F3A800314170 /* PSXibView.h */ = {isa = PBXFileReference; fileEncoding = 4; lastKnownFileType = sourcecode.c.h; path = PSXibView.h; sourceTree = "<group>"; };
		A623787C1A10F3A800314170 /* PSXibView.m */ = {isa = PBXFileReference; fileEncoding = 4; lastKnownFileType = sourcecode.c.objc; path = PSXibView.m; sourceTree = "<group>"; };
		A623787F1A1106EB00314170 /* TDNoteCell.swift */ = {isa = PBXFileReference; fileEncoding = 4; lastKnownFileType = sourcecode.swift; name = TDNoteCell.swift; path = View/Cells/TDNoteCell.swift; sourceTree = "<group>"; };
		A62378801A1106EB00314170 /* TDNoteCell.xib */ = {isa = PBXFileReference; fileEncoding = 4; lastKnownFileType = file.xib; name = TDNoteCell.xib; path = View/Cells/TDNoteCell.xib; sourceTree = "<group>"; };
		A66AE0CE1A056FB9000C529E /* SimpleToDo.app */ = {isa = PBXFileReference; explicitFileType = wrapper.application; includeInIndex = 0; path = SimpleToDo.app; sourceTree = BUILT_PRODUCTS_DIR; };
		A66AE0D21A056FB9000C529E /* Info.plist */ = {isa = PBXFileReference; lastKnownFileType = text.plist.xml; path = Info.plist; sourceTree = "<group>"; };
		A66AE0D31A056FB9000C529E /* TDAppDelegate.swift */ = {isa = PBXFileReference; lastKnownFileType = sourcecode.swift; path = TDAppDelegate.swift; sourceTree = "<group>"; };
		A66AE0DA1A056FB9000C529E /* Images.xcassets */ = {isa = PBXFileReference; lastKnownFileType = folder.assetcatalog; path = Images.xcassets; sourceTree = "<group>"; };
		A66AE0DD1A056FB9000C529E /* Base */ = {isa = PBXFileReference; lastKnownFileType = file.xib; name = Base; path = Base.lproj/LaunchScreen.xib; sourceTree = "<group>"; };
		A66AE0E31A056FB9000C529E /* SimpleToDoTests.xctest */ = {isa = PBXFileReference; explicitFileType = wrapper.cfbundle; includeInIndex = 0; path = SimpleToDoTests.xctest; sourceTree = BUILT_PRODUCTS_DIR; };
		A66AE0E81A056FB9000C529E /* Info.plist */ = {isa = PBXFileReference; lastKnownFileType = text.plist.xml; path = Info.plist; sourceTree = "<group>"; };
		A66AE0E91A056FB9000C529E /* SimpleToDoTests.swift */ = {isa = PBXFileReference; lastKnownFileType = sourcecode.swift; path = SimpleToDoTests.swift; sourceTree = "<group>"; };
		A66AE0F61A05704A000C529E /* TDNotesViewController.swift */ = {isa = PBXFileReference; fileEncoding = 4; lastKnownFileType = sourcecode.swift; name = TDNotesViewController.swift; path = ViewControllers/StartViewController/TDNotesViewController.swift; sourceTree = "<group>"; };
		A66AE0F71A05704A000C529E /* TDNotesViewController.xib */ = {isa = PBXFileReference; fileEncoding = 4; lastKnownFileType = file.xib; name = TDNotesViewController.xib; path = ViewControllers/StartViewController/TDNotesViewController.xib; sourceTree = "<group>"; };
		A6A4C5C61A05775500A73089 /* SimpleToDo-Bridging-Header.h */ = {isa = PBXFileReference; lastKnownFileType = sourcecode.c.h; path = "SimpleToDo-Bridging-Header.h"; sourceTree = "<group>"; };
		A6A4C5D11A057E4800A73089 /* TDNotesModel.xcdatamodel */ = {isa = PBXFileReference; lastKnownFileType = wrapper.xcdatamodel; path = TDNotesModel.xcdatamodel; sourceTree = "<group>"; };
		A6A4C5D71A0581E700A73089 /* TDDataModel.swift */ = {isa = PBXFileReference; fileEncoding = 4; lastKnownFileType = sourcecode.swift; name = TDDataModel.swift; path = "Core /DataBase/DataModel/TDDataModel.swift"; sourceTree = "<group>"; };
/* End PBXFileReference section */

/* Begin PBXFrameworksBuildPhase section */
		A66AE0CB1A056FB9000C529E /* Frameworks */ = {
			isa = PBXFrameworksBuildPhase;
			buildActionMask = 2147483647;
			files = (
				1028BC6B8F6BA8A8AF05D78A /* libPods.a in Frameworks */,
			);
			runOnlyForDeploymentPostprocessing = 0;
		};
		A66AE0E01A056FB9000C529E /* Frameworks */ = {
			isa = PBXFrameworksBuildPhase;
			buildActionMask = 2147483647;
			files = (
			);
			runOnlyForDeploymentPostprocessing = 0;
		};
/* End PBXFrameworksBuildPhase section */

/* Begin PBXGroup section */
		234AF647BE73ED686B0DB14F /* Frameworks */ = {
			isa = PBXGroup;
			children = (
				7F533EBC6883C9A14394A515 /* libPods.a */,
			);
			name = Frameworks;
			sourceTree = "<group>";
		};
		9204E5241A1004E4007962AF /* Common */ = {
			isa = PBXGroup;
			children = (
				9204E5251A1004EB007962AF /* Classes */,
			);
			name = Common;
			sourceTree = "<group>";
		};
		9204E5251A1004EB007962AF /* Classes */ = {
			isa = PBXGroup;
			children = (
				A623787A1A10F39900314170 /* XibView */,
			);
			name = Classes;
			sourceTree = "<group>";
		};
		A62378661A100F2600314170 /* NoteGroupsViewController */ = {
			isa = PBXGroup;
			children = (
				A623786B1A100FE300314170 /* Cells */,
				A62378671A100F8E00314170 /* TDNoteGroupsViewController.swift */,
				A62378681A100F8E00314170 /* TDNoteGroupsViewController.xib */,
			);
			name = NoteGroupsViewController;
			sourceTree = "<group>";
		};
		A623786B1A100FE300314170 /* Cells */ = {
			isa = PBXGroup;
			children = (
				A62378711A1010E700314170 /* TDNoteGroupCell.swift */,
				A62378721A1010E700314170 /* TDNoteGroupCell.xib */,
			);
			name = Cells;
			sourceTree = "<group>";
		};
		A62378751A10EBB800314170 /* View */ = {
			isa = PBXGroup;
			children = (
				A62378761A10F18700314170 /* TDChangeNoteView.swift */,
				A62378781A10F19900314170 /* TDChangeNoteView.xib */,
			);
			name = View;
			sourceTree = "<group>";
		};
		A623787A1A10F39900314170 /* XibView */ = {
			isa = PBXGroup;
			children = (
				A623787B1A10F3A800314170 /* PSXibView.h */,
				A623787C1A10F3A800314170 /* PSXibView.m */,
			);
			name = XibView;
			sourceTree = "<group>";
		};
		A623787E1A11056300314170 /* Cells */ = {
			isa = PBXGroup;
			children = (
				A623787F1A1106EB00314170 /* TDNoteCell.swift */,
				A62378801A1106EB00314170 /* TDNoteCell.xib */,
			);
			name = Cells;
			sourceTree = "<group>";
		};
		A66AE0C51A056FB9000C529E = {
			isa = PBXGroup;
			children = (
				A66AE0D01A056FB9000C529E /* SimpleToDo */,
				A66AE0E61A056FB9000C529E /* SimpleToDoTests */,
				A66AE0CF1A056FB9000C529E /* Products */,
				F859D63A05690BB257CDFF7B /* Pods */,
				234AF647BE73ED686B0DB14F /* Frameworks */,
			);
			sourceTree = "<group>";
		};
		A66AE0CF1A056FB9000C529E /* Products */ = {
			isa = PBXGroup;
			children = (
				A66AE0CE1A056FB9000C529E /* SimpleToDo.app */,
				A66AE0E31A056FB9000C529E /* SimpleToDoTests.xctest */,
			);
			name = Products;
			sourceTree = "<group>";
		};
		A66AE0D01A056FB9000C529E /* SimpleToDo */ = {
			isa = PBXGroup;
			children = (
				A66AE0D31A056FB9000C529E /* TDAppDelegate.swift */,
				A62378751A10EBB800314170 /* View */,
				9204E5241A1004E4007962AF /* Common */,
				A66AE0F51A056FFD000C529E /* Core */,
				A66AE0F41A056FEE000C529E /* ViewControllers */,
				A66AE0F31A056FD0000C529E /* Resourses */,
				A66AE0D11A056FB9000C529E /* Supporting Files */,
				A6A4C5C61A05775500A73089 /* SimpleToDo-Bridging-Header.h */,
			);
			path = SimpleToDo;
			sourceTree = "<group>";
		};
		A66AE0D11A056FB9000C529E /* Supporting Files */ = {
			isa = PBXGroup;
			children = (
				A66AE0D21A056FB9000C529E /* Info.plist */,
			);
			name = "Supporting Files";
			sourceTree = "<group>";
		};
		A66AE0E61A056FB9000C529E /* SimpleToDoTests */ = {
			isa = PBXGroup;
			children = (
				A66AE0E91A056FB9000C529E /* SimpleToDoTests.swift */,
				A66AE0E71A056FB9000C529E /* Supporting Files */,
			);
			path = SimpleToDoTests;
			sourceTree = "<group>";
		};
		A66AE0E71A056FB9000C529E /* Supporting Files */ = {
			isa = PBXGroup;
			children = (
				A66AE0E81A056FB9000C529E /* Info.plist */,
			);
			name = "Supporting Files";
			sourceTree = "<group>";
		};
		A66AE0F31A056FD0000C529E /* Resourses */ = {
			isa = PBXGroup;
			children = (
				A66AE0DA1A056FB9000C529E /* Images.xcassets */,
				A66AE0DC1A056FB9000C529E /* LaunchScreen.xib */,
			);
			name = Resourses;
			sourceTree = "<group>";
		};
		A66AE0F41A056FEE000C529E /* ViewControllers */ = {
			isa = PBXGroup;
			children = (
				A62378661A100F2600314170 /* NoteGroupsViewController */,
				A66AE0FA1A05706F000C529E /* NotesViewController */,
			);
			name = ViewControllers;
			sourceTree = "<group>";
		};
		A66AE0F51A056FFD000C529E /* Core */ = {
			isa = PBXGroup;
			children = (
				A6A4C5CA1A057C6F00A73089 /* DataBase */,
			);
			name = Core;
			sourceTree = "<group>";
		};
		A66AE0FA1A05706F000C529E /* NotesViewController */ = {
			isa = PBXGroup;
			children = (
				A623787E1A11056300314170 /* Cells */,
				A66AE0F61A05704A000C529E /* TDNotesViewController.swift */,
				A66AE0F71A05704A000C529E /* TDNotesViewController.xib */,
			);
			name = NotesViewController;
			sourceTree = "<group>";
		};
		A6A4C5CA1A057C6F00A73089 /* DataBase */ = {
			isa = PBXGroup;
			children = (
				A6A4C5D01A057E4800A73089 /* TDNotesModel.xcdatamodeld */,
				A6A4C5CB1A057C8300A73089 /* Entities */,
				A6A4C5CC1A057C9100A73089 /* DataModel */,
			);
			name = DataBase;
			sourceTree = "<group>";
		};
		A6A4C5CB1A057C8300A73089 /* Entities */ = {
			isa = PBXGroup;
			children = (
				9232C64A1A102348007A11A6 /* TDNoteGroupEntity.h */,
				9232C64B1A102348007A11A6 /* TDNoteGroupEntity.m */,
				9232C6471A102347007A11A6 /* TDNoteEntity.h */,
				9232C6481A102347007A11A6 /* TDNoteEntity.m */,
			);
			name = Entities;
			sourceTree = "<group>";
		};
		A6A4C5CC1A057C9100A73089 /* DataModel */ = {
			isa = PBXGroup;
			children = (
				A6A4C5D71A0581E700A73089 /* TDDataModel.swift */,
			);
			name = DataModel;
			sourceTree = "<group>";
		};
		F859D63A05690BB257CDFF7B /* Pods */ = {
			isa = PBXGroup;
			children = (
				77257D7E41B23ADFBC5A1330 /* Pods.debug.xcconfig */,
				88C22DD15651BDF55F87F3D5 /* Pods.release.xcconfig */,
			);
			name = Pods;
			sourceTree = "<group>";
		};
/* End PBXGroup section */

/* Begin PBXNativeTarget section */
		A66AE0CD1A056FB9000C529E /* SimpleToDo */ = {
			isa = PBXNativeTarget;
			buildConfigurationList = A66AE0ED1A056FB9000C529E /* Build configuration list for PBXNativeTarget "SimpleToDo" */;
			buildPhases = (
				8CE74417AA6072AF38F8BB33 /* Check Pods Manifest.lock */,
				A66AE0CA1A056FB9000C529E /* Sources */,
				A66AE0CB1A056FB9000C529E /* Frameworks */,
				A66AE0CC1A056FB9000C529E /* Resources */,
				4458559081AFBAD6119561DD /* Copy Pods Resources */,
			);
			buildRules = (
			);
			dependencies = (
			);
			name = SimpleToDo;
			productName = SimpleToDo;
			productReference = A66AE0CE1A056FB9000C529E /* SimpleToDo.app */;
			productType = "com.apple.product-type.application";
		};
		A66AE0E21A056FB9000C529E /* SimpleToDoTests */ = {
			isa = PBXNativeTarget;
			buildConfigurationList = A66AE0F01A056FB9000C529E /* Build configuration list for PBXNativeTarget "SimpleToDoTests" */;
			buildPhases = (
				A66AE0DF1A056FB9000C529E /* Sources */,
				A66AE0E01A056FB9000C529E /* Frameworks */,
				A66AE0E11A056FB9000C529E /* Resources */,
			);
			buildRules = (
			);
			dependencies = (
				A66AE0E51A056FB9000C529E /* PBXTargetDependency */,
			);
			name = SimpleToDoTests;
			productName = SimpleToDoTests;
			productReference = A66AE0E31A056FB9000C529E /* SimpleToDoTests.xctest */;
			productType = "com.apple.product-type.bundle.unit-test";
		};
/* End PBXNativeTarget section */

/* Begin PBXProject section */
		A66AE0C61A056FB9000C529E /* Project object */ = {
			isa = PBXProject;
			attributes = {
				CLASSPREFIX = TD;
				LastUpgradeCheck = 0610;
				ORGANIZATIONNAME = "Katrin Chirkova";
				TargetAttributes = {
					A66AE0CD1A056FB9000C529E = {
						CreatedOnToolsVersion = 6.1;
					};
					A66AE0E21A056FB9000C529E = {
						CreatedOnToolsVersion = 6.1;
						TestTargetID = A66AE0CD1A056FB9000C529E;
					};
				};
			};
			buildConfigurationList = A66AE0C91A056FB9000C529E /* Build configuration list for PBXProject "SimpleToDo" */;
			compatibilityVersion = "Xcode 3.2";
			developmentRegion = English;
			hasScannedForEncodings = 0;
			knownRegions = (
				en,
				Base,
			);
			mainGroup = A66AE0C51A056FB9000C529E;
			productRefGroup = A66AE0CF1A056FB9000C529E /* Products */;
			projectDirPath = "";
			projectRoot = "";
			targets = (
				A66AE0CD1A056FB9000C529E /* SimpleToDo */,
				A66AE0E21A056FB9000C529E /* SimpleToDoTests */,
			);
		};
/* End PBXProject section */

/* Begin PBXResourcesBuildPhase section */
		A66AE0CC1A056FB9000C529E /* Resources */ = {
			isa = PBXResourcesBuildPhase;
			buildActionMask = 2147483647;
			files = (
				A623786A1A100F8E00314170 /* TDNoteGroupsViewController.xib in Resources */,
				A66AE0DE1A056FB9000C529E /* LaunchScreen.xib in Resources */,
				A66AE0DB1A056FB9000C529E /* Images.xcassets in Resources */,
				A66AE0F91A05704A000C529E /* TDNotesViewController.xib in Resources */,
				A62378821A1106EB00314170 /* TDNoteCell.xib in Resources */,
				A62378741A1010E700314170 /* TDNoteGroupCell.xib in Resources */,
				A62378791A10F19900314170 /* TDChangeNoteView.xib in Resources */,
			);
			runOnlyForDeploymentPostprocessing = 0;
		};
		A66AE0E11A056FB9000C529E /* Resources */ = {
			isa = PBXResourcesBuildPhase;
			buildActionMask = 2147483647;
			files = (
			);
			runOnlyForDeploymentPostprocessing = 0;
		};
/* End PBXResourcesBuildPhase section */

/* Begin PBXShellScriptBuildPhase section */
		4458559081AFBAD6119561DD /* Copy Pods Resources */ = {
			isa = PBXShellScriptBuildPhase;
			buildActionMask = 2147483647;
			files = (
			);
			inputPaths = (
			);
			name = "Copy Pods Resources";
			outputPaths = (
			);
			runOnlyForDeploymentPostprocessing = 0;
			shellPath = /bin/sh;
			shellScript = "\"${SRCROOT}/Pods/Target Support Files/Pods/Pods-resources.sh\"\n";
			showEnvVarsInLog = 0;
		};
		8CE74417AA6072AF38F8BB33 /* Check Pods Manifest.lock */ = {
			isa = PBXShellScriptBuildPhase;
			buildActionMask = 2147483647;
			files = (
			);
			inputPaths = (
			);
			name = "Check Pods Manifest.lock";
			outputPaths = (
			);
			runOnlyForDeploymentPostprocessing = 0;
			shellPath = /bin/sh;
			shellScript = "diff \"${PODS_ROOT}/../Podfile.lock\" \"${PODS_ROOT}/Manifest.lock\" > /dev/null\nif [[ $? != 0 ]] ; then\n    cat << EOM\nerror: The sandbox is not in sync with the Podfile.lock. Run 'pod install' or update your CocoaPods installation.\nEOM\n    exit 1\nfi\n";
			showEnvVarsInLog = 0;
		};
/* End PBXShellScriptBuildPhase section */

/* Begin PBXSourcesBuildPhase section */
		A66AE0CA1A056FB9000C529E /* Sources */ = {
			isa = PBXSourcesBuildPhase;
			buildActionMask = 2147483647;
			files = (
				A62378771A10F18700314170 /* TDChangeNoteView.swift in Sources */,
				A62378811A1106EB00314170 /* TDNoteCell.swift in Sources */,
				A62378691A100F8E00314170 /* TDNoteGroupsViewController.swift in Sources */,
				9232C64C1A102348007A11A6 /* TDNoteGroupEntity.m in Sources */,
				A62378731A1010E700314170 /* TDNoteGroupCell.swift in Sources */,
				A6A4C5D21A057E4800A73089 /* TDNotesModel.xcdatamodeld in Sources */,
				A623787D1A10F3A800314170 /* PSXibView.m in Sources */,
				9232C6491A102347007A11A6 /* TDNoteEntity.m in Sources */,
				A6A4C5D81A0581E700A73089 /* TDDataModel.swift in Sources */,
				A66AE0D41A056FB9000C529E /* TDAppDelegate.swift in Sources */,
				A66AE0F81A05704A000C529E /* TDNotesViewController.swift in Sources */,
			);
			runOnlyForDeploymentPostprocessing = 0;
		};
		A66AE0DF1A056FB9000C529E /* Sources */ = {
			isa = PBXSourcesBuildPhase;
			buildActionMask = 2147483647;
			files = (
				A66AE0EA1A056FB9000C529E /* SimpleToDoTests.swift in Sources */,
			);
			runOnlyForDeploymentPostprocessing = 0;
		};
/* End PBXSourcesBuildPhase section */

/* Begin PBXTargetDependency section */
		A66AE0E51A056FB9000C529E /* PBXTargetDependency */ = {
			isa = PBXTargetDependency;
			target = A66AE0CD1A056FB9000C529E /* SimpleToDo */;
			targetProxy = A66AE0E41A056FB9000C529E /* PBXContainerItemProxy */;
		};
/* End PBXTargetDependency section */

/* Begin PBXVariantGroup section */
		A66AE0DC1A056FB9000C529E /* LaunchScreen.xib */ = {
			isa = PBXVariantGroup;
			children = (
				A66AE0DD1A056FB9000C529E /* Base */,
			);
			name = LaunchScreen.xib;
			sourceTree = "<group>";
		};
/* End PBXVariantGroup section */

/* Begin XCBuildConfiguration section */
		A66AE0EB1A056FB9000C529E /* Debug */ = {
			isa = XCBuildConfiguration;
			buildSettings = {
				ALWAYS_SEARCH_USER_PATHS = NO;
				CLANG_CXX_LANGUAGE_STANDARD = "gnu++0x";
				CLANG_CXX_LIBRARY = "libc++";
				CLANG_ENABLE_MODULES = YES;
				CLANG_ENABLE_OBJC_ARC = YES;
				CLANG_WARN_BOOL_CONVERSION = YES;
				CLANG_WARN_CONSTANT_CONVERSION = YES;
				CLANG_WARN_DIRECT_OBJC_ISA_USAGE = YES_ERROR;
				CLANG_WARN_EMPTY_BODY = YES;
				CLANG_WARN_ENUM_CONVERSION = YES;
				CLANG_WARN_INT_CONVERSION = YES;
				CLANG_WARN_OBJC_ROOT_CLASS = YES_ERROR;
				CLANG_WARN_UNREACHABLE_CODE = YES;
				CLANG_WARN__DUPLICATE_METHOD_MATCH = YES;
				"CODE_SIGN_IDENTITY[sdk=iphoneos*]" = "iPhone Developer";
				COPY_PHASE_STRIP = NO;
				ENABLE_STRICT_OBJC_MSGSEND = YES;
				GCC_C_LANGUAGE_STANDARD = gnu99;
				GCC_DYNAMIC_NO_PIC = NO;
				GCC_OPTIMIZATION_LEVEL = 0;
				GCC_PREPROCESSOR_DEFINITIONS = (
					"DEBUG=1",
					"$(inherited)",
				);
				GCC_SYMBOLS_PRIVATE_EXTERN = NO;
				GCC_WARN_64_TO_32_BIT_CONVERSION = YES;
				GCC_WARN_ABOUT_RETURN_TYPE = YES_ERROR;
				GCC_WARN_UNDECLARED_SELECTOR = YES;
				GCC_WARN_UNINITIALIZED_AUTOS = YES_AGGRESSIVE;
				GCC_WARN_UNUSED_FUNCTION = YES;
				GCC_WARN_UNUSED_VARIABLE = YES;
				IPHONEOS_DEPLOYMENT_TARGET = 8.1;
				MTL_ENABLE_DEBUG_INFO = YES;
				ONLY_ACTIVE_ARCH = YES;
				SDKROOT = iphoneos;
				SWIFT_OPTIMIZATION_LEVEL = "-Onone";
			};
			name = Debug;
		};
		A66AE0EC1A056FB9000C529E /* Release */ = {
			isa = XCBuildConfiguration;
			buildSettings = {
				ALWAYS_SEARCH_USER_PATHS = NO;
				CLANG_CXX_LANGUAGE_STANDARD = "gnu++0x";
				CLANG_CXX_LIBRARY = "libc++";
				CLANG_ENABLE_MODULES = YES;
				CLANG_ENABLE_OBJC_ARC = YES;
				CLANG_WARN_BOOL_CONVERSION = YES;
				CLANG_WARN_CONSTANT_CONVERSION = YES;
				CLANG_WARN_DIRECT_OBJC_ISA_USAGE = YES_ERROR;
				CLANG_WARN_EMPTY_BODY = YES;
				CLANG_WARN_ENUM_CONVERSION = YES;
				CLANG_WARN_INT_CONVERSION = YES;
				CLANG_WARN_OBJC_ROOT_CLASS = YES_ERROR;
				CLANG_WARN_UNREACHABLE_CODE = YES;
				CLANG_WARN__DUPLICATE_METHOD_MATCH = YES;
				"CODE_SIGN_IDENTITY[sdk=iphoneos*]" = "iPhone Developer";
				COPY_PHASE_STRIP = YES;
				ENABLE_NS_ASSERTIONS = NO;
				ENABLE_STRICT_OBJC_MSGSEND = YES;
				GCC_C_LANGUAGE_STANDARD = gnu99;
				GCC_WARN_64_TO_32_BIT_CONVERSION = YES;
				GCC_WARN_ABOUT_RETURN_TYPE = YES_ERROR;
				GCC_WARN_UNDECLARED_SELECTOR = YES;
				GCC_WARN_UNINITIALIZED_AUTOS = YES_AGGRESSIVE;
				GCC_WARN_UNUSED_FUNCTION = YES;
				GCC_WARN_UNUSED_VARIABLE = YES;
				IPHONEOS_DEPLOYMENT_TARGET = 8.1;
				MTL_ENABLE_DEBUG_INFO = NO;
				SDKROOT = iphoneos;
				VALIDATE_PRODUCT = YES;
			};
			name = Release;
		};
		A66AE0EE1A056FB9000C529E /* Debug */ = {
			isa = XCBuildConfiguration;
			baseConfigurationReference = 77257D7E41B23ADFBC5A1330 /* Pods.debug.xcconfig */;
			buildSettings = {
				ASSETCATALOG_COMPILER_APPICON_NAME = AppIcon;
				CLANG_ENABLE_MODULES = YES;
				INFOPLIST_FILE = SimpleToDo/Info.plist;
				LD_RUNPATH_SEARCH_PATHS = "$(inherited) @executable_path/Frameworks";
				PRODUCT_NAME = "$(TARGET_NAME)";
				SWIFT_OBJC_BRIDGING_HEADER = "SimpleToDo/SimpleToDo-Bridging-Header.h";
				SWIFT_OPTIMIZATION_LEVEL = "-Onone";
			};
			name = Debug;
		};
		A66AE0EF1A056FB9000C529E /* Release */ = {
			isa = XCBuildConfiguration;
			baseConfigurationReference = 88C22DD15651BDF55F87F3D5 /* Pods.release.xcconfig */;
			buildSettings = {
				ASSETCATALOG_COMPILER_APPICON_NAME = AppIcon;
				CLANG_ENABLE_MODULES = YES;
				INFOPLIST_FILE = SimpleToDo/Info.plist;
				LD_RUNPATH_SEARCH_PATHS = "$(inherited) @executable_path/Frameworks";
				PRODUCT_NAME = "$(TARGET_NAME)";
				SWIFT_OBJC_BRIDGING_HEADER = "SimpleToDo/SimpleToDo-Bridging-Header.h";
			};
			name = Release;
		};
		A66AE0F11A056FB9000C529E /* Debug */ = {
			isa = XCBuildConfiguration;
			buildSettings = {
				BUNDLE_LOADER = "$(TEST_HOST)";
				FRAMEWORK_SEARCH_PATHS = (
					"$(SDKROOT)/Developer/Library/Frameworks",
					"$(inherited)",
				);
				GCC_PREPROCESSOR_DEFINITIONS = (
					"DEBUG=1",
					"$(inherited)",
				);
				INFOPLIST_FILE = SimpleToDoTests/Info.plist;
				LD_RUNPATH_SEARCH_PATHS = "$(inherited) @executable_path/Frameworks @loader_path/Frameworks";
				PRODUCT_NAME = "$(TARGET_NAME)";
				TEST_HOST = "$(BUILT_PRODUCTS_DIR)/SimpleToDo.app/SimpleToDo";
			};
			name = Debug;
		};
		A66AE0F21A056FB9000C529E /* Release */ = {
			isa = XCBuildConfiguration;
			buildSettings = {
				BUNDLE_LOADER = "$(TEST_HOST)";
				FRAMEWORK_SEARCH_PATHS = (
					"$(SDKROOT)/Developer/Library/Frameworks",
					"$(inherited)",
				);
				INFOPLIST_FILE = SimpleToDoTests/Info.plist;
				LD_RUNPATH_SEARCH_PATHS = "$(inherited) @executable_path/Frameworks @loader_path/Frameworks";
				PRODUCT_NAME = "$(TARGET_NAME)";
				TEST_HOST = "$(BUILT_PRODUCTS_DIR)/SimpleToDo.app/SimpleToDo";
			};
			name = Release;
		};
/* End XCBuildConfiguration section */

/* Begin XCConfigurationList section */
		A66AE0C91A056FB9000C529E /* Build configuration list for PBXProject "SimpleToDo" */ = {
			isa = XCConfigurationList;
			buildConfigurations = (
				A66AE0EB1A056FB9000C529E /* Debug */,
				A66AE0EC1A056FB9000C529E /* Release */,
			);
			defaultConfigurationIsVisible = 0;
			defaultConfigurationName = Release;
		};
		A66AE0ED1A056FB9000C529E /* Build configuration list for PBXNativeTarget "SimpleToDo" */ = {
			isa = XCConfigurationList;
			buildConfigurations = (
				A66AE0EE1A056FB9000C529E /* Debug */,
				A66AE0EF1A056FB9000C529E /* Release */,
			);
			defaultConfigurationIsVisible = 0;
			defaultConfigurationName = Release;
		};
		A66AE0F01A056FB9000C529E /* Build configuration list for PBXNativeTarget "SimpleToDoTests" */ = {
			isa = XCConfigurationList;
			buildConfigurations = (
				A66AE0F11A056FB9000C529E /* Debug */,
				A66AE0F21A056FB9000C529E /* Release */,
			);
			defaultConfigurationIsVisible = 0;
			defaultConfigurationName = Release;
		};
/* End XCConfigurationList section */

/* Begin XCVersionGroup section */
		A6A4C5D01A057E4800A73089 /* TDNotesModel.xcdatamodeld */ = {
			isa = XCVersionGroup;
			children = (
				A6A4C5D11A057E4800A73089 /* TDNotesModel.xcdatamodel */,
			);
			currentVersion = A6A4C5D11A057E4800A73089 /* TDNotesModel.xcdatamodel */;
			name = TDNotesModel.xcdatamodeld;
			path = "Core /DataBase/TDNotesModel.xcdatamodeld";
			sourceTree = "<group>";
			versionGroupType = wrapper.xcdatamodel;
		};
/* End XCVersionGroup section */
	};
	rootObject = A66AE0C61A056FB9000C529E /* Project object */;
}
